
Microsoft Visual Studio Solution File, Format Version 12.00
# Visual Studio Version 17
VisualStudioVersion = 17.0.31903.59
MinimumVisualStudioVersion = 10.0.40219.1
Project("{2150E333-8FDC-42A3-9474-1A3956D46DE8}") = "src", "src", "{827E0CD3-B72D-47B6-A68D-7590B98EB39B}"
EndProject
Project("{FAE04EC0-301F-11D3-BF4B-00C04F79EFBC}") = "Core", "src\Core\Core.csproj", "{16B2E791-5BBD-4DED-A360-4AAF23444E33}"
EndProject
Project("{FAE04EC0-301F-11D3-BF4B-00C04F79EFBC}") = "Infrastructure", "src\Infrastructure\Infrastructure.csproj", "{AD1D011D-A6AC-475C-8FA0-77A9185CA8E4}"
EndProject
Project("{FAE04EC0-301F-11D3-BF4B-00C04F79EFBC}") = "tests", "tests\tests.csproj", "{43EFADB2-D41C-4EAC-BD6B-1723AA6EAD45}"
EndProject
Project("{FAE04EC0-301F-11D3-BF4B-00C04F79EFBC}") = "API", "src\API\API.csproj", "{276E4DC1-3B9F-4161-85F1-EC24CB38F862}"
EndProject
Global
	GlobalSection(SolutionConfigurationPlatforms) = preSolution
		Debug|Any CPU = Debug|Any CPU
		Debug|x64 = Debug|x64
		Debug|x86 = Debug|x86
		Release|Any CPU = Release|Any CPU
		Release|x64 = Release|x64
		Release|x86 = Release|x86
	EndGlobalSection
	GlobalSection(ProjectConfigurationPlatforms) = postSolution
		{16B2E791-5BBD-4DED-A360-4AAF23444E33}.Debug|Any CPU.ActiveCfg = Debug|Any CPU
		{16B2E791-5BBD-4DED-A360-4AAF23444E33}.Debug|Any CPU.Build.0 = Debug|Any CPU
		{16B2E791-5BBD-4DED-A360-4AAF23444E33}.Debug|x64.ActiveCfg = Debug|Any CPU
		{16B2E791-5BBD-4DED-A360-4AAF23444E33}.Debug|x64.Build.0 = Debug|Any CPU
		{16B2E791-5BBD-4DED-A360-4AAF23444E33}.Debug|x86.ActiveCfg = Debug|Any CPU
		{16B2E791-5BBD-4DED-A360-4AAF23444E33}.Debug|x86.Build.0 = Debug|Any CPU
		{16B2E791-5BBD-4DED-A360-4AAF23444E33}.Release|Any CPU.ActiveCfg = Release|Any CPU
		{16B2E791-5BBD-4DED-A360-4AAF23444E33}.Release|Any CPU.Build.0 = Release|Any CPU
		{16B2E791-5BBD-4DED-A360-4AAF23444E33}.Release|x64.ActiveCfg = Release|Any CPU
		{16B2E791-5BBD-4DED-A360-4AAF23444E33}.Release|x64.Build.0 = Release|Any CPU
		{16B2E791-5BBD-4DED-A360-4AAF23444E33}.Release|x86.ActiveCfg = Release|Any CPU
		{16B2E791-5BBD-4DED-A360-4AAF23444E33}.Release|x86.Build.0 = Release|Any CPU
		{AD1D011D-A6AC-475C-8FA0-77A9185CA8E4}.Debug|Any CPU.ActiveCfg = Debug|Any CPU
		{AD1D011D-A6AC-475C-8FA0-77A9185CA8E4}.Debug|Any CPU.Build.0 = Debug|Any CPU
		{AD1D011D-A6AC-475C-8FA0-77A9185CA8E4}.Debug|x64.ActiveCfg = Debug|Any CPU
		{AD1D011D-A6AC-475C-8FA0-77A9185CA8E4}.Debug|x64.Build.0 = Debug|Any CPU
		{AD1D011D-A6AC-475C-8FA0-77A9185CA8E4}.Debug|x86.ActiveCfg = Debug|Any CPU
		{AD1D011D-A6AC-475C-8FA0-77A9185CA8E4}.Debug|x86.Build.0 = Debug|Any CPU
		{AD1D011D-A6AC-475C-8FA0-77A9185CA8E4}.Release|Any CPU.ActiveCfg = Release|Any CPU
		{AD1D011D-A6AC-475C-8FA0-77A9185CA8E4}.Release|Any CPU.Build.0 = Release|Any CPU
		{AD1D011D-A6AC-475C-8FA0-77A9185CA8E4}.Release|x64.ActiveCfg = Release|Any CPU
		{AD1D011D-A6AC-475C-8FA0-77A9185CA8E4}.Release|x64.Build.0 = Release|Any CPU
		{AD1D011D-A6AC-475C-8FA0-77A9185CA8E4}.Release|x86.ActiveCfg = Release|Any CPU
		{AD1D011D-A6AC-475C-8FA0-77A9185CA8E4}.Release|x86.Build.0 = Release|Any CPU
		{43EFADB2-D41C-4EAC-BD6B-1723AA6EAD45}.Debug|Any CPU.ActiveCfg = Debug|Any CPU
		{43EFADB2-D41C-4EAC-BD6B-1723AA6EAD45}.Debug|Any CPU.Build.0 = Debug|Any CPU
		{43EFADB2-D41C-4EAC-BD6B-1723AA6EAD45}.Debug|x64.ActiveCfg = Debug|Any CPU
		{43EFADB2-D41C-4EAC-BD6B-1723AA6EAD45}.Debug|x64.Build.0 = Debug|Any CPU
		{43EFADB2-D41C-4EAC-BD6B-1723AA6EAD45}.Debug|x86.ActiveCfg = Debug|Any CPU
		{43EFADB2-D41C-4EAC-BD6B-1723AA6EAD45}.Debug|x86.Build.0 = Debug|Any CPU
		{43EFADB2-D41C-4EAC-BD6B-1723AA6EAD45}.Release|Any CPU.ActiveCfg = Release|Any CPU
		{43EFADB2-D41C-4EAC-BD6B-1723AA6EAD45}.Release|Any CPU.Build.0 = Release|Any CPU
		{43EFADB2-D41C-4EAC-BD6B-1723AA6EAD45}.Release|x64.ActiveCfg = Release|Any CPU
		{43EFADB2-D41C-4EAC-BD6B-1723AA6EAD45}.Release|x64.Build.0 = Release|Any CPU
		{43EFADB2-D41C-4EAC-BD6B-1723AA6EAD45}.Release|x86.ActiveCfg = Release|Any CPU
		{43EFADB2-D41C-4EAC-BD6B-1723AA6EAD45}.Release|x86.Build.0 = Release|Any CPU
		{276E4DC1-3B9F-4161-85F1-EC24CB38F862}.Debug|Any CPU.ActiveCfg = Debug|Any CPU
		{276E4DC1-3B9F-4161-85F1-EC24CB38F862}.Debug|Any CPU.Build.0 = Debug|Any CPU
		{276E4DC1-3B9F-4161-85F1-EC24CB38F862}.Debug|x64.ActiveCfg = Debug|Any CPU
		{276E4DC1-3B9F-4161-85F1-EC24CB38F862}.Debug|x64.Build.0 = Debug|Any CPU
		{276E4DC1-3B9F-4161-85F1-EC24CB38F862}.Debug|x86.ActiveCfg = Debug|Any CPU
		{276E4DC1-3B9F-4161-85F1-EC24CB38F862}.Debug|x86.Build.0 = Debug|Any CPU
		{276E4DC1-3B9F-4161-85F1-EC24CB38F862}.Release|Any CPU.ActiveCfg = Release|Any CPU
		{276E4DC1-3B9F-4161-85F1-EC24CB38F862}.Release|Any CPU.Build.0 = Release|Any CPU
		{276E4DC1-3B9F-4161-85F1-EC24CB38F862}.Release|x64.ActiveCfg = Release|Any CPU
		{276E4DC1-3B9F-4161-85F1-EC24CB38F862}.Release|x64.Build.0 = Release|Any CPU
		{276E4DC1-3B9F-4161-85F1-EC24CB38F862}.Release|x86.ActiveCfg = Release|Any CPU
		{276E4DC1-3B9F-4161-85F1-EC24CB38F862}.Release|x86.Build.0 = Release|Any CPU
	EndGlobalSection
	GlobalSection(SolutionProperties) = preSolution
		HideSolutionNode = FALSE
	EndGlobalSection
	GlobalSection(NestedProjects) = preSolution
		{16B2E791-5BBD-4DED-A360-4AAF23444E33} = {827E0CD3-B72D-47B6-A68D-7590B98EB39B}
		{AD1D011D-A6AC-475C-8FA0-77A9185CA8E4} = {827E0CD3-B72D-47B6-A68D-7590B98EB39B}
		{276E4DC1-3B9F-4161-85F1-EC24CB38F862} = {827E0CD3-B72D-47B6-A68D-7590B98EB39B}
	EndGlobalSection
EndGlobal
